
Microsoft Visual Studio Solution File, Format Version 12.00
# Visual Studio Version 16
VisualStudioVersion = 16.0.30709.132
MinimumVisualStudioVersion = 10.0.40219.1
Project("{9A19103F-16F7-4668-BE54-9A1E7A4F7556}") = "Wallet", "Wallet\Wallet.csproj", "{B216B142-226F-4433-B498-065E8EE9ED18}"
EndProject
Project("{9A19103F-16F7-4668-BE54-9A1E7A4F7556}") = "Wallet.Tests", "Wallet.Tests\Wallet.Tests.csproj", "{76B1091C-9BF2-401E-B285-738EF8430488}"
EndProject
Project("{9A19103F-16F7-4668-BE54-9A1E7A4F7556}") = "PL", "PAL\PL.csproj", "{0EE09C7F-011F-47D2-93C8-6782380C9919}"
EndProject
Project("{9A19103F-16F7-4668-BE54-9A1E7A4F7556}") = "DAL", "DAL\DAL.csproj", "{3126B71A-6C70-41FC-91AF-94A82D2F392F}"
EndProject
Project("{9A19103F-16F7-4668-BE54-9A1E7A4F7556}") = "BLL", "BLL\BLL.csproj", "{87B2E756-520B-41F3-8EF7-F880959E3D9F}"
EndProject
Global
	GlobalSection(SolutionConfigurationPlatforms) = preSolution
		Debug|Any CPU = Debug|Any CPU
		Release|Any CPU = Release|Any CPU
	EndGlobalSection
	GlobalSection(ProjectConfigurationPlatforms) = postSolution
		{B216B142-226F-4433-B498-065E8EE9ED18}.Debug|Any CPU.ActiveCfg = Debug|Any CPU
		{B216B142-226F-4433-B498-065E8EE9ED18}.Debug|Any CPU.Build.0 = Debug|Any CPU
		{B216B142-226F-4433-B498-065E8EE9ED18}.Release|Any CPU.ActiveCfg = Release|Any CPU
		{B216B142-226F-4433-B498-065E8EE9ED18}.Release|Any CPU.Build.0 = Release|Any CPU
		{76B1091C-9BF2-401E-B285-738EF8430488}.Debug|Any CPU.ActiveCfg = Debug|Any CPU
		{76B1091C-9BF2-401E-B285-738EF8430488}.Debug|Any CPU.Build.0 = Debug|Any CPU
		{76B1091C-9BF2-401E-B285-738EF8430488}.Release|Any CPU.ActiveCfg = Release|Any CPU
		{76B1091C-9BF2-401E-B285-738EF8430488}.Release|Any CPU.Build.0 = Release|Any CPU
		{0EE09C7F-011F-47D2-93C8-6782380C9919}.Debug|Any CPU.ActiveCfg = Debug|Any CPU
		{0EE09C7F-011F-47D2-93C8-6782380C9919}.Debug|Any CPU.Build.0 = Debug|Any CPU
		{0EE09C7F-011F-47D2-93C8-6782380C9919}.Release|Any CPU.ActiveCfg = Release|Any CPU
		{0EE09C7F-011F-47D2-93C8-6782380C9919}.Release|Any CPU.Build.0 = Release|Any CPU
		{3126B71A-6C70-41FC-91AF-94A82D2F392F}.Debug|Any CPU.ActiveCfg = Debug|Any CPU
		{3126B71A-6C70-41FC-91AF-94A82D2F392F}.Debug|Any CPU.Build.0 = Debug|Any CPU
		{3126B71A-6C70-41FC-91AF-94A82D2F392F}.Release|Any CPU.ActiveCfg = Release|Any CPU
		{3126B71A-6C70-41FC-91AF-94A82D2F392F}.Release|Any CPU.Build.0 = Release|Any CPU
		{87B2E756-520B-41F3-8EF7-F880959E3D9F}.Debug|Any CPU.ActiveCfg = Debug|Any CPU
		{87B2E756-520B-41F3-8EF7-F880959E3D9F}.Debug|Any CPU.Build.0 = Debug|Any CPU
		{87B2E756-520B-41F3-8EF7-F880959E3D9F}.Release|Any CPU.ActiveCfg = Release|Any CPU
		{87B2E756-520B-41F3-8EF7-F880959E3D9F}.Release|Any CPU.Build.0 = Release|Any CPU
	EndGlobalSection
	GlobalSection(SolutionProperties) = preSolution
		HideSolutionNode = FALSE
	EndGlobalSection
	GlobalSection(ExtensibilityGlobals) = postSolution
		SolutionGuid = {9B791519-F253-4DA3-A26F-77BAEBE00A91}
	EndGlobalSection
EndGlobal
